
Microsoft Visual Studio Solution File, Format Version 12.00
# Visual Studio Version 17
VisualStudioVersion = 17.3.32929.385
MinimumVisualStudioVersion = 10.0.40219.1
Project("{FAE04EC0-301F-11D3-BF4B-00C04F79EFBC}") = "Pursuit of QE", "Pursuit of QE\Pursuit of QE.csproj", "{83F54F98-8143-4452-B892-A2EFBC4DD147}"
EndProject
Global
	GlobalSection(SolutionConfigurationPlatforms) = preSolution
		Debug|Any CPU = Debug|Any CPU
		Release|Any CPU = Release|Any CPU
	EndGlobalSection
	GlobalSection(ProjectConfigurationPlatforms) = postSolution
		{83F54F98-8143-4452-B892-A2EFBC4DD147}.Debug|Any CPU.ActiveCfg = Debug|Any CPU
		{83F54F98-8143-4452-B892-A2EFBC4DD147}.Debug|Any CPU.Build.0 = Debug|Any CPU
		{83F54F98-8143-4452-B892-A2EFBC4DD147}.Release|Any CPU.ActiveCfg = Release|Any CPU
		{83F54F98-8143-4452-B892-A2EFBC4DD147}.Release|Any CPU.Build.0 = Release|Any CPU
	EndGlobalSection
	GlobalSection(SolutionProperties) = preSolution
		HideSolutionNode = FALSE
	EndGlobalSection
	GlobalSection(ExtensibilityGlobals) = postSolution
		SolutionGuid = {FAF2CA3D-41B0-475E-A43F-19B9816AD1CF}
	EndGlobalSection
EndGlobal
